
Microsoft Visual Studio Solution File, Format Version 12.00
# Visual Studio Version 17
VisualStudioVersion = 17.5.33502.453
MinimumVisualStudioVersion = 10.0.40219.1
Project("{FAE04EC0-301F-11D3-BF4B-00C04F79EFBC}") = "csharp-abstract-animals", "csharp-abstract-animals.csproj", "{9C0B0534-5340-477F-9049-03E57C6ECD40}"
EndProject
Global
	GlobalSection(SolutionConfigurationPlatforms) = preSolution
		Debug|Any CPU = Debug|Any CPU
		Release|Any CPU = Release|Any CPU
	EndGlobalSection
	GlobalSection(ProjectConfigurationPlatforms) = postSolution
		{9C0B0534-5340-477F-9049-03E57C6ECD40}.Debug|Any CPU.ActiveCfg = Debug|Any CPU
		{9C0B0534-5340-477F-9049-03E57C6ECD40}.Debug|Any CPU.Build.0 = Debug|Any CPU
		{9C0B0534-5340-477F-9049-03E57C6ECD40}.Release|Any CPU.ActiveCfg = Release|Any CPU
		{9C0B0534-5340-477F-9049-03E57C6ECD40}.Release|Any CPU.Build.0 = Release|Any CPU
	EndGlobalSection
	GlobalSection(SolutionProperties) = preSolution
		HideSolutionNode = FALSE
	EndGlobalSection
	GlobalSection(ExtensibilityGlobals) = postSolution
		SolutionGuid = {31D0A74F-7C95-4B23-BA6C-3692EC58A925}
	EndGlobalSection
EndGlobal
